
Microsoft Visual Studio Solution File, Format Version 12.00
# Visual Studio 15
VisualStudioVersion = 15.0.27130.2010
MinimumVisualStudioVersion = 10.0.40219.1
Project("{FAE04EC0-301F-11D3-BF4B-00C04F79EFBC}") = "ConvertNumberToWord", "ConvertNumberToWord\ConvertNumberToWord.csproj", "{957C883D-E31D-4A5C-AE7C-7B9B63122740}"
EndProject
Project("{FAE04EC0-301F-11D3-BF4B-00C04F79EFBC}") = "ConvertNumberToWord.Tests", "ConvertNumberToWord.Tests\ConvertNumberToWord.Tests.csproj", "{4BD1E989-147F-4E98-B988-F40BAEF9E9D2}"
EndProject
Global
	GlobalSection(SolutionConfigurationPlatforms) = preSolution
		Debug|Any CPU = Debug|Any CPU
		Release|Any CPU = Release|Any CPU
	EndGlobalSection
	GlobalSection(ProjectConfigurationPlatforms) = postSolution
		{957C883D-E31D-4A5C-AE7C-7B9B63122740}.Debug|Any CPU.ActiveCfg = Debug|Any CPU
		{957C883D-E31D-4A5C-AE7C-7B9B63122740}.Debug|Any CPU.Build.0 = Debug|Any CPU
		{957C883D-E31D-4A5C-AE7C-7B9B63122740}.Release|Any CPU.ActiveCfg = Release|Any CPU
		{957C883D-E31D-4A5C-AE7C-7B9B63122740}.Release|Any CPU.Build.0 = Release|Any CPU
		{4BD1E989-147F-4E98-B988-F40BAEF9E9D2}.Debug|Any CPU.ActiveCfg = Debug|Any CPU
		{4BD1E989-147F-4E98-B988-F40BAEF9E9D2}.Debug|Any CPU.Build.0 = Debug|Any CPU
		{4BD1E989-147F-4E98-B988-F40BAEF9E9D2}.Release|Any CPU.ActiveCfg = Release|Any CPU
		{4BD1E989-147F-4E98-B988-F40BAEF9E9D2}.Release|Any CPU.Build.0 = Release|Any CPU
	EndGlobalSection
	GlobalSection(SolutionProperties) = preSolution
		HideSolutionNode = FALSE
	EndGlobalSection
	GlobalSection(ExtensibilityGlobals) = postSolution
		SolutionGuid = {52E051AE-6B02-4877-BF07-E23A500F7CD5}
	EndGlobalSection
EndGlobal
